
Microsoft Visual Studio Solution File, Format Version 12.00
# Visual Studio Version 16
VisualStudioVersion = 16.0.30503.244
MinimumVisualStudioVersion = 10.0.40219.1
Project("{FAE04EC0-301F-11D3-BF4B-00C04F79EFBC}") = "CES", "CES\CES.csproj", "{68940A9D-351C-4F09-9FE6-81DB94458F9B}"
EndProject
Global
	GlobalSection(SolutionConfigurationPlatforms) = preSolution
		Debug|Any CPU = Debug|Any CPU
		Release|Any CPU = Release|Any CPU
	EndGlobalSection
	GlobalSection(ProjectConfigurationPlatforms) = postSolution
		{68940A9D-351C-4F09-9FE6-81DB94458F9B}.Debug|Any CPU.ActiveCfg = Debug|Any CPU
		{68940A9D-351C-4F09-9FE6-81DB94458F9B}.Debug|Any CPU.Build.0 = Debug|Any CPU
		{68940A9D-351C-4F09-9FE6-81DB94458F9B}.Release|Any CPU.ActiveCfg = Release|Any CPU
		{68940A9D-351C-4F09-9FE6-81DB94458F9B}.Release|Any CPU.Build.0 = Release|Any CPU
	EndGlobalSection
	GlobalSection(SolutionProperties) = preSolution
		HideSolutionNode = FALSE
	EndGlobalSection
	GlobalSection(ExtensibilityGlobals) = postSolution
		SolutionGuid = {D38A8FC9-B4F4-4A85-BD0A-A92FB3EE68E4}
	EndGlobalSection
EndGlobal
